# THIS IS AN AUTOGENERATED FILE. DO NOT EDIT THIS FILE DIRECTLY.
# yarn lockfile v1


"@tensorflow/tfjs-converter@1.2.7":
  version "1.2.7"
  resolved "https://registry.yarnpkg.com/@tensorflow/tfjs-converter/-/tfjs-converter-1.2.7.tgz#3a1cf6d636667586010c4df79e861293ce10c4c8"

"@tensorflow/tfjs-core@1.2.7":
  version "1.2.7"
  resolved "https://registry.yarnpkg.com/@tensorflow/tfjs-core/-/tfjs-core-1.2.7.tgz#522328de16470aa9f7c15b91e4b68616f425002a"
  dependencies:
    "@types/offscreencanvas" "~2019.3.0"
    "@types/seedrandom" "2.4.27"
    "@types/webgl-ext" "0.0.30"
    "@types/webgl2" "0.0.4"
    node-fetch "~2.1.2"
    seedrandom "2.4.3"

"@tensorflow/tfjs-data@1.2.7":
  version "1.2.7"
  resolved "https://registry.yarnpkg.com/@tensorflow/tfjs-data/-/tfjs-data-1.2.7.tgz#06f5315a045ca680e721688e64976a418f43f979"
  dependencies:
    "@types/node-fetch" "^2.1.2"
    node-fetch "~2.1.2"

"@tensorflow/tfjs-layers@1.2.7":
  version "1.2.7"
  resolved "https://registry.yarnpkg.com/@tensorflow/tfjs-layers/-/tfjs-layers-1.2.7.tgz#4d9ad8966b5f1833ddabd2581c282cd288a69968"

"@tensorflow/tfjs@^1.2.7":
  version "1.2.7"
  resolved "https://registry.yarnpkg.com/@tensorflow/tfjs/-/tfjs-1.2.7.tgz#5da167a56cda8d0fb6aa2f7cf1b1d6b36a99a7f7"
  dependencies:
    "@tensorflow/tfjs-converter" "1.2.7"
    "@tensorflow/tfjs-core" "1.2.7"
    "@tensorflow/tfjs-data" "1.2.7"
    "@tensorflow/tfjs-layers" "1.2.7"

"@types/node-fetch@^2.1.2":
  version "2.5.0"
  resolved "https://registry.yarnpkg.com/@types/node-fetch/-/node-fetch-2.5.0.tgz#1c55616a4591bdd15a389fbd0da4a55b9502add5"
  dependencies:
    "@types/node" "*"

"@types/node@*":
  version "12.7.1"
  resolved "https://registry.yarnpkg.com/@types/node/-/node-12.7.1.tgz#3b5c3a26393c19b400844ac422bd0f631a94d69d"

"@types/offscreencanvas@~2019.3.0":
  version "2019.3.0"
  resolved "https://registry.yarnpkg.com/@types/offscreencanvas/-/offscreencanvas-2019.3.0.tgz#3336428ec7e9180cf4566dfea5da04eb586a6553"

"@types/seedrandom@2.4.27":
  version "2.4.27"
  resolved "https://registry.yarnpkg.com/@types/seedrandom/-/seedrandom-2.4.27.tgz#9db563937dd86915f69092bc43259d2f48578e41"

"@types/webgl-ext@0.0.30":
  version "0.0.30"
  resolved "https://registry.yarnpkg.com/@types/webgl-ext/-/webgl-ext-0.0.30.tgz#0ce498c16a41a23d15289e0b844d945b25f0fb9d"

"@types/webgl2@0.0.4":
  version "0.0.4"
  resolved "https://registry.yarnpkg.com/@types/webgl2/-/webgl2-0.0.4.tgz#c3b0f9d6b465c66138e84e64cb3bdf8373c2c279"

node-fetch@~2.1.2:
  version "2.1.2"
  resolved "https://registry.yarnpkg.com/node-fetch/-/node-fetch-2.1.2.tgz#ab884e8e7e57e38a944753cec706f788d1768bb5"

seedrandom@2.4.3:
  version "2.4.3"
  resolved "https://registry.yarnpkg.com/seedrandom/-/seedrandom-2.4.3.tgz#2438504dad33917314bff18ac4d794f16d6aaecc"
